
Microsoft Visual Studio Solution File, Format Version 12.00
# Visual Studio Version 16
VisualStudioVersion = 16.0.30907.101
MinimumVisualStudioVersion = 10.0.40219.1
Project("{FAE04EC0-301F-11D3-BF4B-00C04F79EFBC}") = "Api_net5", "Api_net5\Api_net5.csproj", "{3D744CEE-0622-4AB2-8A6D-8910BAA4CA3E}"
EndProject
Global
	GlobalSection(SolutionConfigurationPlatforms) = preSolution
		Debug|Any CPU = Debug|Any CPU
		Release|Any CPU = Release|Any CPU
	EndGlobalSection
	GlobalSection(ProjectConfigurationPlatforms) = postSolution
		{3D744CEE-0622-4AB2-8A6D-8910BAA4CA3E}.Debug|Any CPU.ActiveCfg = Debug|Any CPU
		{3D744CEE-0622-4AB2-8A6D-8910BAA4CA3E}.Debug|Any CPU.Build.0 = Debug|Any CPU
		{3D744CEE-0622-4AB2-8A6D-8910BAA4CA3E}.Release|Any CPU.ActiveCfg = Release|Any CPU
		{3D744CEE-0622-4AB2-8A6D-8910BAA4CA3E}.Release|Any CPU.Build.0 = Release|Any CPU
	EndGlobalSection
	GlobalSection(SolutionProperties) = preSolution
		HideSolutionNode = FALSE
	EndGlobalSection
	GlobalSection(ExtensibilityGlobals) = postSolution
		SolutionGuid = {B4F67C52-8B92-43E3-B73D-3151FF770571}
	EndGlobalSection
EndGlobal
